# THIS IS AN AUTOGENERATED FILE. DO NOT EDIT THIS FILE DIRECTLY.
# yarn lockfile v1


"@kubev2v/types@^0.0.22":
  version "0.0.22"
  resolved "https://registry.yarnpkg.com/@kubev2v/types/-/types-0.0.22.tgz#582091a79cdb159be7789dcd62a2632542592c60"
  integrity sha512-1s2RhE9zPf2esJzcy0KCbcso4SJE2Mp9ObV3We0c8KCGvp8i42xCxBIV9vMDiM14ZRlCUMo7gGB9GdZvexDURg==

"@playwright/test@1.54.2":
  version "1.54.2"
  resolved "https://registry.yarnpkg.com/@playwright/test/-/test-1.54.2.tgz#ff0d1e5d8e26f3258ae65364e2d4d10176926b07"
  integrity sha512-A+znathYxPf+72riFd1r1ovOLqsIIB0jKIoPjyK2kqEIe30/6jF6BC7QNluHuwUmsD2tv1XZVugN8GqfTMOxsA==
  dependencies:
    playwright "1.54.2"

"@types/node@^20.0.0":
  version "20.19.9"
  resolved "https://registry.yarnpkg.com/@types/node/-/node-20.19.9.tgz#ca9a58193fec361cc6e859d88b52261853f1f0d3"
  integrity sha512-cuVNgarYWZqxRJDQHEB58GEONhOK79QVR/qYx4S7kcUObQvUwvFnYxJuuHUKm2aieN9X3yZB4LZsuYNU1Qphsw==
  dependencies:
    undici-types "~6.21.0"

fsevents@2.3.2:
  version "2.3.2"
  resolved "https://registry.yarnpkg.com/fsevents/-/fsevents-2.3.2.tgz#8a526f78b8fdf4623b709e0b975c52c24c02fd1a"
  integrity sha512-xiqMQR4xAeHTuB9uWm+fFRcIOgKBMiOBP+eXiyT7jsgVCq1bkVygt00oASowB7EdtpOHaaPgKt812P9ab+DDKA==

playwright-core@1.54.2:
  version "1.54.2"
  resolved "https://registry.yarnpkg.com/playwright-core/-/playwright-core-1.54.2.tgz#73cc5106f19ec6b9371908603d61a7f171ebd8f0"
  integrity sha512-n5r4HFbMmWsB4twG7tJLDN9gmBUeSPcsBZiWSE4DnYz9mJMAFqr2ID7+eGC9kpEnxExJ1epttwR59LEWCk8mtA==

playwright@1.54.2:
  version "1.54.2"
  resolved "https://registry.yarnpkg.com/playwright/-/playwright-1.54.2.tgz#e2435abb2db3a96a276f8acc3ada1a85b587dff3"
  integrity sha512-Hu/BMoA1NAdRUuulyvQC0pEqZ4vQbGfn8f7wPXcnqQmM+zct9UliKxsIkLNmz/ku7LElUNqmaiv1TG/aL5ACsw==
  dependencies:
    playwright-core "1.54.2"
  optionalDependencies:
    fsevents "2.3.2"

typescript@^5.8.2:
  version "5.9.2"
  resolved "https://registry.yarnpkg.com/typescript/-/typescript-5.9.2.tgz#d93450cddec5154a2d5cabe3b8102b83316fb2a6"
  integrity sha512-CWBzXQrc/qOkhidw1OzBTQuYRbfyxDXJMVJ1XNwUHGROVmuaeiEm3OslpZ1RV96d7SKKjZKrSJu3+t/xlw3R9A==

undici-types@~6.21.0:
  version "6.21.0"
  resolved "https://registry.yarnpkg.com/undici-types/-/undici-types-6.21.0.tgz#691d00af3909be93a7faa13be61b3a5b50ef12cb"
  integrity sha512-iwDZqg0QAGrg9Rav5H4n0M64c3mkR59cJ6wQp+7C4nI0gsmExaedaYLNO44eT4AtBBwjbTiGPMlt2Md0T9H9JQ==
